# This file is automatically @generated by Cargo.
# It is not intended for manual editing.
version = 4

[[package]]
name = "omni-driver-nvme"
version = "0.2.0"
dependencies = [
 "omni-driver-shared",
]

[[package]]
name = "omni-driver-nvme-image"
version = "0.2.0"
dependencies = [
 "omni-driver-nvme",
 "omni-driver-shared",
]

[[package]]
name = "omni-driver-shared"
version = "0.2.0"
